
Microsoft Visual Studio Solution File, Format Version 12.00
# Visual Studio 15
VisualStudioVersion = 15.0.26730.3
MinimumVisualStudioVersion = 10.0.40219.1
Project("{9A19103F-16F7-4668-BE54-9A1E7A4F7556}") = "AD.Distances", "src\AD.Distances\AD.Distances.csproj", "{B5ACA397-6ED7-4984-9288-24723D2615AA}"
EndProject
Project("{9A19103F-16F7-4668-BE54-9A1E7A4F7556}") = "DistancesAPI", "src\DistancesAPI\DistancesAPI.csproj", "{1A16F8ED-6D5F-4A71-8210-7AA30D25B0BE}"
EndProject
Project("{FAE04EC0-301F-11D3-BF4B-00C04F79EFBC}") = "AD.Distances.Tests", "test\AD.Distances.Tests\AD.Distances.Tests.csproj", "{42EAB988-5057-468C-AB20-197EF484A3A4}"
EndProject
Project("{2150E333-8FDC-42A3-9474-1A3956D46DE8}") = "src", "src", "{45DFAEC6-5DB4-44D0-A0CA-9A8BF4D698F5}"
EndProject
Project("{2150E333-8FDC-42A3-9474-1A3956D46DE8}") = "test", "test", "{7292D03E-3C41-4A3B-89CD-480A0532B638}"
EndProject
Global
	GlobalSection(SolutionConfigurationPlatforms) = preSolution
		Debug|Any CPU = Debug|Any CPU
		Release|Any CPU = Release|Any CPU
	EndGlobalSection
	GlobalSection(ProjectConfigurationPlatforms) = postSolution
		{B5ACA397-6ED7-4984-9288-24723D2615AA}.Debug|Any CPU.ActiveCfg = Debug|Any CPU
		{B5ACA397-6ED7-4984-9288-24723D2615AA}.Debug|Any CPU.Build.0 = Debug|Any CPU
		{B5ACA397-6ED7-4984-9288-24723D2615AA}.Release|Any CPU.ActiveCfg = Release|Any CPU
		{B5ACA397-6ED7-4984-9288-24723D2615AA}.Release|Any CPU.Build.0 = Release|Any CPU
		{1A16F8ED-6D5F-4A71-8210-7AA30D25B0BE}.Debug|Any CPU.ActiveCfg = Debug|Any CPU
		{1A16F8ED-6D5F-4A71-8210-7AA30D25B0BE}.Debug|Any CPU.Build.0 = Debug|Any CPU
		{1A16F8ED-6D5F-4A71-8210-7AA30D25B0BE}.Release|Any CPU.ActiveCfg = Release|Any CPU
		{1A16F8ED-6D5F-4A71-8210-7AA30D25B0BE}.Release|Any CPU.Build.0 = Release|Any CPU
		{42EAB988-5057-468C-AB20-197EF484A3A4}.Debug|Any CPU.ActiveCfg = Debug|Any CPU
		{42EAB988-5057-468C-AB20-197EF484A3A4}.Debug|Any CPU.Build.0 = Debug|Any CPU
		{42EAB988-5057-468C-AB20-197EF484A3A4}.Release|Any CPU.ActiveCfg = Release|Any CPU
		{42EAB988-5057-468C-AB20-197EF484A3A4}.Release|Any CPU.Build.0 = Release|Any CPU
	EndGlobalSection
	GlobalSection(SolutionProperties) = preSolution
		HideSolutionNode = FALSE
	EndGlobalSection
	GlobalSection(ExtensibilityGlobals) = postSolution
		SolutionGuid = {88ED3447-00F4-4A27-B9F1-2FB9AD631D11}
	EndGlobalSection
	GlobalSection(NestedProjects) = preSolution
		{B5ACA397-6ED7-4984-9288-24723D2615AA} = {45DFAEC6-5DB4-44D0-A0CA-9A8BF4D698F5}
		{1A16F8ED-6D5F-4A71-8210-7AA30D25B0BE} = {45DFAEC6-5DB4-44D0-A0CA-9A8BF4D698F5}
		{42EAB988-5057-468C-AB20-197EF484A3A4} = {7292D03E-3C41-4A3B-89CD-480A0532B638}
	EndGlobalSection
EndGlobal
